
Microsoft Visual Studio Solution File, Format Version 12.00
# Visual Studio 15
VisualStudioVersion = 15.0.27004.2005
MinimumVisualStudioVersion = 10.0.40219.1
Project("{8BC9CEB8-8B4A-11D0-8D11-00A0C91BC942}") = "starter", "starter\starter.vcxproj", "{88FDA1F1-2C65-42B1-BA53-A0A952CB9416}"
EndProject
Global
	GlobalSection(SolutionConfigurationPlatforms) = preSolution
		Debug|x64 = Debug|x64
		Debug|x86 = Debug|x86
		Release|x64 = Release|x64
		Release|x86 = Release|x86
	EndGlobalSection
	GlobalSection(ProjectConfigurationPlatforms) = postSolution
		{88FDA1F1-2C65-42B1-BA53-A0A952CB9416}.Debug|x64.ActiveCfg = Debug|x64
		{88FDA1F1-2C65-42B1-BA53-A0A952CB9416}.Debug|x64.Build.0 = Debug|x64
		{88FDA1F1-2C65-42B1-BA53-A0A952CB9416}.Debug|x86.ActiveCfg = Debug|Win32
		{88FDA1F1-2C65-42B1-BA53-A0A952CB9416}.Debug|x86.Build.0 = Debug|Win32
		{88FDA1F1-2C65-42B1-BA53-A0A952CB9416}.Release|x64.ActiveCfg = Release|x64
		{88FDA1F1-2C65-42B1-BA53-A0A952CB9416}.Release|x64.Build.0 = Release|x64
		{88FDA1F1-2C65-42B1-BA53-A0A952CB9416}.Release|x86.ActiveCfg = Release|Win32
		{88FDA1F1-2C65-42B1-BA53-A0A952CB9416}.Release|x86.Build.0 = Release|Win32
	EndGlobalSection
	GlobalSection(SolutionProperties) = preSolution
		HideSolutionNode = FALSE
	EndGlobalSection
	GlobalSection(ExtensibilityGlobals) = postSolution
		SolutionGuid = {604135E1-8DFE-4DB7-B588-B0D91FCB7BE9}
	EndGlobalSection
EndGlobal
